github.com/NickBall/go-aes-key-wrap v0.0.0-20170929221519-1c3aa3e4dfc5 h1:5BIUS5hwyLM298mOf8e8TEgD3cCYqc86uaJdQCYZo/o=
github.com/NickBall/go-aes-key-wrap v0.0.0-20170929221519-1c3aa3e4dfc5/go.mod h1:w5D10RxC0NmPYxmQ438CC1S07zaC1zpvuNW7s5sUk2Q=
github.com/davecgh/go-spew v1.1.0/go.mod h1:J7Y8YcW2NihsgmVo/mv3lAwl/skON4iLHjSsI+c5H38=
github.com/davecgh/go-spew v1.1.1 h1:vj9j/u1bqnvCEfJOwUhtlOARqs3+rkHYY13jYWTU97c=
github.com/davecgh/go-spew v1.1.1/go.mod h1:J7Y8YcW2NihsgmVo/mv3lAwl/skON4iLHjSsI+c5H38=
github.com/golang-jwt/jwt/v4 v4.5.0 h1:7cYmW1XlMY7h7ii7UhUyChSgS5wUJEnm9uZVTGqOWzg=
github.com/golang-jwt/jwt/v4 v4.5.0/go.mod h1:m21LjoU+eqJr34lmDMbreY2eSTRJ1cv77w39/MY0Ch0=
github.com/google/uuid v1.3.0 h1:t6JiXgmwXMjEs8VusXIJk2BXHsn+wx8BZdTaoZ5fu7I=
github.com/google/uuid v1.3.0/go.mod h1:TIyPZe4MgqvfeYDBFedMoGGpEw/LqOeaOT+nhxU+yHo=
github.com/jacobsa/crypto v0.0.0-20190317225127-9f44e2d11115 h1:YuDUUFNM21CAbyPOpOP8BicaTD/0klJEKt5p8yuw+uY=
github.com/jacobsa/crypto v0.0.0-20190317225127-9f44e2d11115/go.mod h1:LadVJg0XuawGk+8L1rYnIED8451UyNxEMdTWCEt5kmU=
github.com/jacobsa/oglematchers v0.0.0-20150720000706-141901ea67cd h1:9GCSedGjMcLZCrusBZuo4tyKLpKUPenUUqi34AkuFmA=
github.com/jacobsa/oglematchers v0.0.0-20150720000706-141901ea67cd/go.mod h1:TlmyIZDpGmwRoTWiakdr+HA1Tukze6C6XbRVidYq02M=
github.com/jacobsa/oglemock v0.0.0-20150831005832-e94d794d06ff h1:2xRHTvkpJ5zJmglXLRqHiZQNjUoOkhUyhTAhEQvPAWw=
github.com/jacobsa/oglemock v0.0.0-20150831005832-e94d794d06ff/go.mod h1:gJWba/XXGl0UoOmBQKRWCJdHrr3nE0T65t6ioaj3mLI=
github.com/jacobsa/ogletest v0.0.0-20170503003838-80d50a735a11 h1:BMb8s3ENQLt5ulwVIHVDWFHp8eIXmbfSExkvdn9qMXI=
github.com/jacobsa/ogletest v0.0.0-20170503003838-80d50a735a11/go.mod h1:+DBdDyfoO2McrOyDemRBq0q9CMEByef7sYl7JH5Q3BI=
github.com/jacobsa/reqtrace v0.0.0-20150505043853-245c9e0234cb h1:uSWBjJdMf47kQlXMwWEfmc864bA1wAC+Kl3ApryuG9Y=
github.com/jacobsa/reqtrace v0.0.0-20150505043853-245c9e0234cb/go.mod h1:ivcmUvxXWjb27NsPEaiYK7AidlZXS7oQ5PowUS9z3I4=
github.com/orcaman/concurrent-map/v2 v2.0.1 h1:jOJ5Pg2w1oeB6PeDurIYf6k9PQ+aTITr/6lP/L/zp6c=
github.com/orcaman/concurrent-map/v2 v2.0.1/go.mod h1:9Eq3TG2oBe5FirmYWQfYO5iH1q0Jv47PLaNK++uCdOM=
github.com/pmezard/go-difflib v1.0.0 h1:4DBwDE0NGyQoBHbLQYPwSUPoCMWR5BEzIk/f1lZbAQM=
github.com/pmezard/go-difflib v1.0.0/go.mod h1:iKH77koFhYxTK1pcRnkKkqfTogsbg7gZNVY4sRDYZ/4=
github.com/stretchr/objx v0.1.0/go.mod h1:HFkY916IF+rwdDfMAkV7OtwuqBVzrE8GR6GFx+wExME=
github.com/stretchr/objx v0.4.0/go.mod h1:YvHI0jy2hoMjB+UWwv71VJQ9isScKT/TqJzVSSt89Yw=
github.com/stretchr/objx v0.5.0/go.mod h1:Yh+to48EsGEfYuaHDzXPcE3xhTkx73EhmCGUpEOglKo=
github.com/stretchr/testify v1.7.1/go.mod h1:6Fq8oRcR53rry900zMqJjRRixrwX3KX962/h/Wwjteg=
github.com/stretchr/testify v1.8.0/go.mod h1:yNjHg4UonilssWZ8iaSj1OCr/vHnekPRkoO+kdMU+MU=
github.com/stretchr/testify v1.8.2 h1:+h33VjcLVPDHtOdpUCuF+7gSuG3yGIftsP1YvFihtJ8=
github.com/stretchr/testify v1.8.2/go.mod h1:w2LPCIKwWwSfY2zedu0+kehJoqGctiVI29o6fzry7u4=
golang.org/x/crypto v0.8.0 h1:pd9TJtTueMTVQXzk8E2XESSMQDj/U7OUu0PqJqPXQjQ=
golang.org/x/crypto v0.8.0/go.mod h1:mRqEX+O9/h5TFCrQhkgjo2yKi0yYA+9ecGkdQoHrywE=
golang.org/x/net v0.9.0 h1:aWJ/m6xSmxWBx+V0XRHTlrYrPG56jKsLdTFmsSsCzOM=
gopkg.in/check.v1 v0.0.0-20161208181325-20d25e280405 h1:yhCVgyC4o1eVCa2tZl7eS0r+SDo693bJlVdllGtEeKM=
gopkg.in/check.v1 v0.0.0-20161208181325-20d25e280405/go.mod h1:Co6ibVJAznAaIkqp8huTwlJQCZ016jof/cbN4VW5Yz0=
gopkg.in/yaml.v3 v3.0.0-20200313102051-9f266ea9e77c/go.mod h1:K4uyk7z7BCEPqu6E+C64Yfv1cQ7kz7rIZviUmN+EgEM=
gopkg.in/yaml.v3 v3.0.1 h1:fxVm/GzAzEWqLHuvctI91KS9hhNmmWOoWu0XTYJS7CA=
gopkg.in/yaml.v3 v3.0.1/go.mod h1:K4uyk7z7BCEPqu6E+C64Yfv1cQ7kz7rIZviUmN+EgEM=
pgregory.net/rapid v0.5.5 h1:jkgx1TjbQPD/feRoK+S/mXw9e1uj6WilpHrXJowi6oA=
pgregory.net/rapid v0.5.5/go.mod h1:PY5XlDGj0+V1FCq0o192FdRhpKHGTRIWBgqjDBTrq04=
